
Microsoft Visual Studio Solution File, Format Version 12.00
# Visual Studio 15
VisualStudioVersion = 15.0.28307.168
MinimumVisualStudioVersion = 10.0.40219.1
Project("{FAE04EC0-301F-11D3-BF4B-00C04F79EFBC}") = "AspNetViskositeetti", "AspNetViskositeetti\AspNetViskositeetti.csproj", "{4B82E4BB-3C37-4C2F-AC71-A9F6E0221A1F}"
EndProject
Global
	GlobalSection(SolutionConfigurationPlatforms) = preSolution
		Debug|Any CPU = Debug|Any CPU
		Release|Any CPU = Release|Any CPU
	EndGlobalSection
	GlobalSection(ProjectConfigurationPlatforms) = postSolution
		{4B82E4BB-3C37-4C2F-AC71-A9F6E0221A1F}.Debug|Any CPU.ActiveCfg = Debug|Any CPU
		{4B82E4BB-3C37-4C2F-AC71-A9F6E0221A1F}.Debug|Any CPU.Build.0 = Debug|Any CPU
		{4B82E4BB-3C37-4C2F-AC71-A9F6E0221A1F}.Release|Any CPU.ActiveCfg = Release|Any CPU
		{4B82E4BB-3C37-4C2F-AC71-A9F6E0221A1F}.Release|Any CPU.Build.0 = Release|Any CPU
	EndGlobalSection
	GlobalSection(SolutionProperties) = preSolution
		HideSolutionNode = FALSE
	EndGlobalSection
	GlobalSection(ExtensibilityGlobals) = postSolution
		SolutionGuid = {9A99B8E6-8A0B-4811-99A0-A19FEF7F36F3}
	EndGlobalSection
EndGlobal
