
Microsoft Visual Studio Solution File, Format Version 12.00
# Visual Studio 15
VisualStudioVersion = 15.0.28307.168
MinimumVisualStudioVersion = 10.0.40219.1
Project("{FAE04EC0-301F-11D3-BF4B-00C04F79EFBC}") = "demo viskositeetti", "demo viskositeetti\demo viskositeetti.csproj", "{B19E187E-5765-4BDA-8557-AB00F1C2F32A}"
EndProject
Global
	GlobalSection(SolutionConfigurationPlatforms) = preSolution
		Debug|Any CPU = Debug|Any CPU
		Release|Any CPU = Release|Any CPU
	EndGlobalSection
	GlobalSection(ProjectConfigurationPlatforms) = postSolution
		{B19E187E-5765-4BDA-8557-AB00F1C2F32A}.Debug|Any CPU.ActiveCfg = Debug|Any CPU
		{B19E187E-5765-4BDA-8557-AB00F1C2F32A}.Debug|Any CPU.Build.0 = Debug|Any CPU
		{B19E187E-5765-4BDA-8557-AB00F1C2F32A}.Release|Any CPU.ActiveCfg = Release|Any CPU
		{B19E187E-5765-4BDA-8557-AB00F1C2F32A}.Release|Any CPU.Build.0 = Release|Any CPU
	EndGlobalSection
	GlobalSection(SolutionProperties) = preSolution
		HideSolutionNode = FALSE
	EndGlobalSection
	GlobalSection(ExtensibilityGlobals) = postSolution
		SolutionGuid = {23B4C242-D667-445C-AC53-E5DD90F0AC23}
	EndGlobalSection
EndGlobal
